// !$*UTF8*$!
{
	archiveVersion = 1;
	classes = {
	};
	objectVersion = 56;
	objects = {

/* Begin PBXBuildFile section */
		1BA1E5BA2D53112800D023A2 /* iOS_Bootcamp_Instagram_DemoApp.swift in Sources */ = {isa = PBXBuildFile; fileRef = 1BA1E5B92D53112800D023A2 /* iOS_Bootcamp_Instagram_DemoApp.swift */; };
		1BA1E5BC2D53112800D023A2 /* ContentView.swift in Sources */ = {isa = PBXBuildFile; fileRef = 1BA1E5BB2D53112800D023A2 /* ContentView.swift */; };
		1BA1E5BE2D53112900D023A2 /* Assets.xcassets in Resources */ = {isa = PBXBuildFile; fileRef = 1BA1E5BD2D53112900D023A2 /* Assets.xcassets */; };
		1BA1E5C12D53112900D023A2 /* Preview Assets.xcassets in Resources */ = {isa = PBXBuildFile; fileRef = 1BA1E5C02D53112900D023A2 /* Preview Assets.xcassets */; };
		1BA1E5CB2D53112900D023A2 /* iOS_Bootcamp_Instagram_DemoTests.swift in Sources */ = {isa = PBXBuildFile; fileRef = 1BA1E5CA2D53112900D023A2 /* iOS_Bootcamp_Instagram_DemoTests.swift */; };
		1BA1E5D52D53112900D023A2 /* iOS_Bootcamp_Instagram_DemoUITests.swift in Sources */ = {isa = PBXBuildFile; fileRef = 1BA1E5D42D53112900D023A2 /* iOS_Bootcamp_Instagram_DemoUITests.swift */; };
		1BA1E5D72D53112900D023A2 /* iOS_Bootcamp_Instagram_DemoUITestsLaunchTests.swift in Sources */ = {isa = PBXBuildFile; fileRef = 1BA1E5D62D53112900D023A2 /* iOS_Bootcamp_Instagram_DemoUITestsLaunchTests.swift */; };
		1BA1E5E42D53114400D023A2 /* PostView.swift in Sources */ = {isa = PBXBuildFile; fileRef = 1BA1E5E32D53114400D023A2 /* PostView.swift */; };
		1BA1E68E2D5C1EE300D023A2 /* TopToolbarView.swift in Sources */ = {isa = PBXBuildFile; fileRef = 1BA1E68D2D5C1EE300D023A2 /* TopToolbarView.swift */; };
		1BA1E6902D5C1F9900D023A2 /* BottomToolbarView.swift in Sources */ = {isa = PBXBuildFile; fileRef = 1BA1E68F2D5C1F9900D023A2 /* BottomToolbarView.swift */; };
		1BA1E6922D5C20E700D023A2 /* CaptionView.swift in Sources */ = {isa = PBXBuildFile; fileRef = 1BA1E6912D5C20E700D023A2 /* CaptionView.swift */; };
/* End PBXBuildFile section */

/* Begin PBXContainerItemProxy section */
		1BA1E5C72D53112900D023A2 /* PBXContainerItemProxy */ = {
			isa = PBXContainerItemProxy;
			containerPortal = 1BA1E5AE2D53112800D023A2 /* Project object */;
			proxyType = 1;
			remoteGlobalIDString = 1BA1E5B52D53112800D023A2;
			remoteInfo = "iOS Bootcamp Instagram Demo";
		};
		1BA1E5D12D53112900D023A2 /* PBXContainerItemProxy */ = {
			isa = PBXContainerItemProxy;
			containerPortal = 1BA1E5AE2D53112800D023A2 /* Project object */;
			proxyType = 1;
			remoteGlobalIDString = 1BA1E5B52D53112800D023A2;
			remoteInfo = "iOS Bootcamp Instagram Demo";
		};
/* End PBXContainerItemProxy section */

/* Begin PBXFileReference section */
		1BA1E5B62D53112800D023A2 /* iOS Bootcamp Instagram Demo.app */ = {isa = PBXFileReference; explicitFileType = wrapper.application; includeInIndex = 0; path = "iOS Bootcamp Instagram Demo.app"; sourceTree = BUILT_PRODUCTS_DIR; };
		1BA1E5B92D53112800D023A2 /* iOS_Bootcamp_Instagram_DemoApp.swift */ = {isa = PBXFileReference; lastKnownFileType = sourcecode.swift; path = iOS_Bootcamp_Instagram_DemoApp.swift; sourceTree = "<group>"; };
		1BA1E5BB2D53112800D023A2 /* ContentView.swift */ = {isa = PBXFileReference; lastKnownFileType = sourcecode.swift; path = ContentView.swift; sourceTree = "<group>"; };
		1BA1E5BD2D53112900D023A2 /* Assets.xcassets */ = {isa = PBXFileReference; lastKnownFileType = folder.assetcatalog; path = Assets.xcassets; sourceTree = "<group>"; };
		1BA1E5C02D53112900D023A2 /* Preview Assets.xcassets */ = {isa = PBXFileReference; lastKnownFileType = folder.assetcatalog; path = "Preview Assets.xcassets"; sourceTree = "<group>"; };
		1BA1E5C62D53112900D023A2 /* iOS Bootcamp Instagram DemoTests.xctest */ = {isa = PBXFileReference; explicitFileType = wrapper.cfbundle; includeInIndex = 0; path = "iOS Bootcamp Instagram DemoTests.xctest"; sourceTree = BUILT_PRODUCTS_DIR; };
		1BA1E5CA2D53112900D023A2 /* iOS_Bootcamp_Instagram_DemoTests.swift */ = {isa = PBXFileReference; lastKnownFileType = sourcecode.swift; path = iOS_Bootcamp_Instagram_DemoTests.swift; sourceTree = "<group>"; };
		1BA1E5D02D53112900D023A2 /* iOS Bootcamp Instagram DemoUITests.xctest */ = {isa = PBXFileReference; explicitFileType = wrapper.cfbundle; includeInIndex = 0; path = "iOS Bootcamp Instagram DemoUITests.xctest"; sourceTree = BUILT_PRODUCTS_DIR; };
		1BA1E5D42D53112900D023A2 /* iOS_Bootcamp_Instagram_DemoUITests.swift */ = {isa = PBXFileReference; lastKnownFileType = sourcecode.swift; path = iOS_Bootcamp_Instagram_DemoUITests.swift; sourceTree = "<group>"; };
		1BA1E5D62D53112900D023A2 /* iOS_Bootcamp_Instagram_DemoUITestsLaunchTests.swift */ = {isa = PBXFileReference; lastKnownFileType = sourcecode.swift; path = iOS_Bootcamp_Instagram_DemoUITestsLaunchTests.swift; sourceTree = "<group>"; };
		1BA1E5E32D53114400D023A2 /* PostView.swift */ = {isa = PBXFileReference; lastKnownFileType = sourcecode.swift; path = PostView.swift; sourceTree = "<group>"; };
		1BA1E68D2D5C1EE300D023A2 /* TopToolbarView.swift */ = {isa = PBXFileReference; lastKnownFileType = sourcecode.swift; path = TopToolbarView.swift; sourceTree = "<group>"; };
		1BA1E68F2D5C1F9900D023A2 /* BottomToolbarView.swift */ = {isa = PBXFileReference; lastKnownFileType = sourcecode.swift; path = BottomToolbarView.swift; sourceTree = "<group>"; };
		1BA1E6912D5C20E700D023A2 /* CaptionView.swift */ = {isa = PBXFileReference; lastKnownFileType = sourcecode.swift; path = CaptionView.swift; sourceTree = "<group>"; };
/* End PBXFileReference section */

/* Begin PBXFrameworksBuildPhase section */
		1BA1E5B32D53112800D023A2 /* Frameworks */ = {
			isa = PBXFrameworksBuildPhase;
			buildActionMask = 2147483647;
			files = (
			);
			runOnlyForDeploymentPostprocessing = 0;
		};
		1BA1E5C32D53112900D023A2 /* Frameworks */ = {
			isa = PBXFrameworksBuildPhase;
			buildActionMask = 2147483647;
			files = (
			);
			runOnlyForDeploymentPostprocessing = 0;
		};
		1BA1E5CD2D53112900D023A2 /* Frameworks */ = {
			isa = PBXFrameworksBuildPhase;
			buildActionMask = 2147483647;
			files = (
			);
			runOnlyForDeploymentPostprocessing = 0;
		};
/* End PBXFrameworksBuildPhase section */

/* Begin PBXGroup section */
		1BA1E5AD2D53112800D023A2 = {
			isa = PBXGroup;
			children = (
				1BA1E5B82D53112800D023A2 /* iOS Bootcamp Instagram Demo */,
				1BA1E5C92D53112900D023A2 /* iOS Bootcamp Instagram DemoTests */,
				1BA1E5D32D53112900D023A2 /* iOS Bootcamp Instagram DemoUITests */,
				1BA1E5B72D53112800D023A2 /* Products */,
			);
			sourceTree = "<group>";
		};
		1BA1E5B72D53112800D023A2 /* Products */ = {
			isa = PBXGroup;
			children = (
				1BA1E5B62D53112800D023A2 /* iOS Bootcamp Instagram Demo.app */,
				1BA1E5C62D53112900D023A2 /* iOS Bootcamp Instagram DemoTests.xctest */,
				1BA1E5D02D53112900D023A2 /* iOS Bootcamp Instagram DemoUITests.xctest */,
			);
			name = Products;
			sourceTree = "<group>";
		};
		1BA1E5B82D53112800D023A2 /* iOS Bootcamp Instagram Demo */ = {
			isa = PBXGroup;
			children = (
				1BA1E5B92D53112800D023A2 /* iOS_Bootcamp_Instagram_DemoApp.swift */,
				1BA1E5BB2D53112800D023A2 /* ContentView.swift */,
				1BA1E5E32D53114400D023A2 /* PostView.swift */,
				1BA1E68D2D5C1EE300D023A2 /* TopToolbarView.swift */,
				1BA1E68F2D5C1F9900D023A2 /* BottomToolbarView.swift */,
				1BA1E6912D5C20E700D023A2 /* CaptionView.swift */,
				1BA1E5BD2D53112900D023A2 /* Assets.xcassets */,
				1BA1E5BF2D53112900D023A2 /* Preview Content */,
			);
			path = "iOS Bootcamp Instagram Demo";
			sourceTree = "<group>";
		};
		1BA1E5BF2D53112900D023A2 /* Preview Content */ = {
			isa = PBXGroup;
			children = (
				1BA1E5C02D53112900D023A2 /* Preview Assets.xcassets */,
			);
			path = "Preview Content";
			sourceTree = "<group>";
		};
		1BA1E5C92D53112900D023A2 /* iOS Bootcamp Instagram DemoTests */ = {
			isa = PBXGroup;
			children = (
				1BA1E5CA2D53112900D023A2 /* iOS_Bootcamp_Instagram_DemoTests.swift */,
			);
			path = "iOS Bootcamp Instagram DemoTests";
			sourceTree = "<group>";
		};
		1BA1E5D32D53112900D023A2 /* iOS Bootcamp Instagram DemoUITests */ = {
			isa = PBXGroup;
			children = (
				1BA1E5D42D53112900D023A2 /* iOS_Bootcamp_Instagram_DemoUITests.swift */,
				1BA1E5D62D53112900D023A2 /* iOS_Bootcamp_Instagram_DemoUITestsLaunchTests.swift */,
			);
			path = "iOS Bootcamp Instagram DemoUITests";
			sourceTree = "<group>";
		};
/* End PBXGroup section */

/* Begin PBXNativeTarget section */
		1BA1E5B52D53112800D023A2 /* iOS Bootcamp Instagram Demo */ = {
			isa = PBXNativeTarget;
			buildConfigurationList = 1BA1E5DA2D53112900D023A2 /* Build configuration list for PBXNativeTarget "iOS Bootcamp Instagram Demo" */;
			buildPhases = (
				1BA1E5B22D53112800D023A2 /* Sources */,
				1BA1E5B32D53112800D023A2 /* Frameworks */,
				1BA1E5B42D53112800D023A2 /* Resources */,
			);
			buildRules = (
			);
			dependencies = (
			);
			name = "iOS Bootcamp Instagram Demo";
			productName = "iOS Bootcamp Instagram Demo";
			productReference = 1BA1E5B62D53112800D023A2 /* iOS Bootcamp Instagram Demo.app */;
			productType = "com.apple.product-type.application";
		};
		1BA1E5C52D53112900D023A2 /* iOS Bootcamp Instagram DemoTests */ = {
			isa = PBXNativeTarget;
			buildConfigurationList = 1BA1E5DD2D53112900D023A2 /* Build configuration list for PBXNativeTarget "iOS Bootcamp Instagram DemoTests" */;
			buildPhases = (
				1BA1E5C22D53112900D023A2 /* Sources */,
				1BA1E5C32D53112900D023A2 /* Frameworks */,
				1BA1E5C42D53112900D023A2 /* Resources */,
			);
			buildRules = (
			);
			dependencies = (
				1BA1E5C82D53112900D023A2 /* PBXTargetDependency */,
			);
			name = "iOS Bootcamp Instagram DemoTests";
			productName = "iOS Bootcamp Instagram DemoTests";
			productReference = 1BA1E5C62D53112900D023A2 /* iOS Bootcamp Instagram DemoTests.xctest */;
			productType = "com.apple.product-type.bundle.unit-test";
		};
		1BA1E5CF2D53112900D023A2 /* iOS Bootcamp Instagram DemoUITests */ = {
			isa = PBXNativeTarget;
			buildConfigurationList = 1BA1E5E02D53112900D023A2 /* Build configuration list for PBXNativeTarget "iOS Bootcamp Instagram DemoUITests" */;
			buildPhases = (
				1BA1E5CC2D53112900D023A2 /* Sources */,
				1BA1E5CD2D53112900D023A2 /* Frameworks */,
				1BA1E5CE2D53112900D023A2 /* Resources */,
			);
			buildRules = (
			);
			dependencies = (
				1BA1E5D22D53112900D023A2 /* PBXTargetDependency */,
			);
			name = "iOS Bootcamp Instagram DemoUITests";
			productName = "iOS Bootcamp Instagram DemoUITests";
			productReference = 1BA1E5D02D53112900D023A2 /* iOS Bootcamp Instagram DemoUITests.xctest */;
			productType = "com.apple.product-type.bundle.ui-testing";
		};
/* End PBXNativeTarget section */

/* Begin PBXProject section */
		1BA1E5AE2D53112800D023A2 /* Project object */ = {
			isa = PBXProject;
			attributes = {
				BuildIndependentTargetsInParallel = 1;
				LastSwiftUpdateCheck = 1540;
				LastUpgradeCheck = 1540;
				TargetAttributes = {
					1BA1E5B52D53112800D023A2 = {
						CreatedOnToolsVersion = 15.4;
					};
					1BA1E5C52D53112900D023A2 = {
						CreatedOnToolsVersion = 15.4;
						TestTargetID = 1BA1E5B52D53112800D023A2;
					};
					1BA1E5CF2D53112900D023A2 = {
						CreatedOnToolsVersion = 15.4;
						TestTargetID = 1BA1E5B52D53112800D023A2;
					};
				};
			};
			buildConfigurationList = 1BA1E5B12D53112800D023A2 /* Build configuration list for PBXProject "iOS Bootcamp Instagram Demo" */;
			compatibilityVersion = "Xcode 14.0";
			developmentRegion = en;
			hasScannedForEncodings = 0;
			knownRegions = (
				en,
				Base,
			);
			mainGroup = 1BA1E5AD2D53112800D023A2;
			productRefGroup = 1BA1E5B72D53112800D023A2 /* Products */;
			projectDirPath = "";
			projectRoot = "";
			targets = (
				1BA1E5B52D53112800D023A2 /* iOS Bootcamp Instagram Demo */,
				1BA1E5C52D53112900D023A2 /* iOS Bootcamp Instagram DemoTests */,
				1BA1E5CF2D53112900D023A2 /* iOS Bootcamp Instagram DemoUITests */,
			);
		};
/* End PBXProject section */

/* Begin PBXResourcesBuildPhase section */
		1BA1E5B42D53112800D023A2 /* Resources */ = {
			isa = PBXResourcesBuildPhase;
			buildActionMask = 2147483647;
			files = (
				1BA1E5C12D53112900D023A2 /* Preview Assets.xcassets in Resources */,
				1BA1E5BE2D53112900D023A2 /* Assets.xcassets in Resources */,
			);
			runOnlyForDeploymentPostprocessing = 0;
		};
		1BA1E5C42D53112900D023A2 /* Resources */ = {
			isa = PBXResourcesBuildPhase;
			buildActionMask = 2147483647;
			files = (
			);
			runOnlyForDeploymentPostprocessing = 0;
		};
		1BA1E5CE2D53112900D023A2 /* Resources */ = {
			isa = PBXResourcesBuildPhase;
			buildActionMask = 2147483647;
			files = (
			);
			runOnlyForDeploymentPostprocessing = 0;
		};
/* End PBXResourcesBuildPhase section */

/* Begin PBXSourcesBuildPhase section */
		1BA1E5B22D53112800D023A2 /* Sources */ = {
			isa = PBXSourcesBuildPhase;
			buildActionMask = 2147483647;
			files = (
				1BA1E6902D5C1F9900D023A2 /* BottomToolbarView.swift in Sources */,
				1BA1E68E2D5C1EE300D023A2 /* TopToolbarView.swift in Sources */,
				1BA1E5BC2D53112800D023A2 /* ContentView.swift in Sources */,
				1BA1E5E42D53114400D023A2 /* PostView.swift in Sources */,
				1BA1E5BA2D53112800D023A2 /* iOS_Bootcamp_Instagram_DemoApp.swift in Sources */,
				1BA1E6922D5C20E700D023A2 /* CaptionView.swift in Sources */,
			);
			runOnlyForDeploymentPostprocessing = 0;
		};
		1BA1E5C22D53112900D023A2 /* Sources */ = {
			isa = PBXSourcesBuildPhase;
			buildActionMask = 2147483647;
			files = (
				1BA1E5CB2D53112900D023A2 /* iOS_Bootcamp_Instagram_DemoTests.swift in Sources */,
			);
			runOnlyForDeploymentPostprocessing = 0;
		};
		1BA1E5CC2D53112900D023A2 /* Sources */ = {
			isa = PBXSourcesBuildPhase;
			buildActionMask = 2147483647;
			files = (
				1BA1E5D52D53112900D023A2 /* iOS_Bootcamp_Instagram_DemoUITests.swift in Sources */,
				1BA1E5D72D53112900D023A2 /* iOS_Bootcamp_Instagram_DemoUITestsLaunchTests.swift in Sources */,
			);
			runOnlyForDeploymentPostprocessing = 0;
		};
/* End PBXSourcesBuildPhase section */

/* Begin PBXTargetDependency section */
		1BA1E5C82D53112900D023A2 /* PBXTargetDependency */ = {
			isa = PBXTargetDependency;
			target = 1BA1E5B52D53112800D023A2 /* iOS Bootcamp Instagram Demo */;
			targetProxy = 1BA1E5C72D53112900D023A2 /* PBXContainerItemProxy */;
		};
		1BA1E5D22D53112900D023A2 /* PBXTargetDependency */ = {
			isa = PBXTargetDependency;
			target = 1BA1E5B52D53112800D023A2 /* iOS Bootcamp Instagram Demo */;
			targetProxy = 1BA1E5D12D53112900D023A2 /* PBXContainerItemProxy */;
		};
/* End PBXTargetDependency section */

/* Begin XCBuildConfiguration section */
		1BA1E5D82D53112900D023A2 /* Debug */ = {
			isa = XCBuildConfiguration;
			buildSettings = {
				ALWAYS_SEARCH_USER_PATHS = NO;
				ASSETCATALOG_COMPILER_GENERATE_SWIFT_ASSET_SYMBOL_EXTENSIONS = YES;
				CLANG_ANALYZER_NONNULL = YES;
				CLANG_ANALYZER_NUMBER_OBJECT_CONVERSION = YES_AGGRESSIVE;
				CLANG_CXX_LANGUAGE_STANDARD = "gnu++20";
				CLANG_ENABLE_MODULES = YES;
				CLANG_ENABLE_OBJC_ARC = YES;
				CLANG_ENABLE_OBJC_WEAK = YES;
				CLANG_WARN_BLOCK_CAPTURE_AUTORELEASING = YES;
				CLANG_WARN_BOOL_CONVERSION = YES;
				CLANG_WARN_COMMA = YES;
				CLANG_WARN_CONSTANT_CONVERSION = YES;
				CLANG_WARN_DEPRECATED_OBJC_IMPLEMENTATIONS = YES;
				CLANG_WARN_DIRECT_OBJC_ISA_USAGE = YES_ERROR;
				CLANG_WARN_DOCUMENTATION_COMMENTS = YES;
				CLANG_WARN_EMPTY_BODY = YES;
				CLANG_WARN_ENUM_CONVERSION = YES;
				CLANG_WARN_INFINITE_RECURSION = YES;
				CLANG_WARN_INT_CONVERSION = YES;
				CLANG_WARN_NON_LITERAL_NULL_CONVERSION = YES;
				CLANG_WARN_OBJC_IMPLICIT_RETAIN_SELF = YES;
				CLANG_WARN_OBJC_LITERAL_CONVERSION = YES;
				CLANG_WARN_OBJC_ROOT_CLASS = YES_ERROR;
				CLANG_WARN_QUOTED_INCLUDE_IN_FRAMEWORK_HEADER = YES;
				CLANG_WARN_RANGE_LOOP_ANALYSIS = YES;
				CLANG_WARN_STRICT_PROTOTYPES = YES;
				CLANG_WARN_SUSPICIOUS_MOVE = YES;
				CLANG_WARN_UNGUARDED_AVAILABILITY = YES_AGGRESSIVE;
				CLANG_WARN_UNREACHABLE_CODE = YES;
				CLANG_WARN__DUPLICATE_METHOD_MATCH = YES;
				COPY_PHASE_STRIP = NO;
				DEBUG_INFORMATION_FORMAT = dwarf;
				ENABLE_STRICT_OBJC_MSGSEND = YES;
				ENABLE_TESTABILITY = YES;
				ENABLE_USER_SCRIPT_SANDBOXING = YES;
				GCC_C_LANGUAGE_STANDARD = gnu17;
				GCC_DYNAMIC_NO_PIC = NO;
				GCC_NO_COMMON_BLOCKS = YES;
				GCC_OPTIMIZATION_LEVEL = 0;
				GCC_PREPROCESSOR_DEFINITIONS = (
					"DEBUG=1",
					"$(inherited)",
				);
				GCC_WARN_64_TO_32_BIT_CONVERSION = YES;
				GCC_WARN_ABOUT_RETURN_TYPE = YES_ERROR;
				GCC_WARN_UNDECLARED_SELECTOR = YES;
				GCC_WARN_UNINITIALIZED_AUTOS = YES_AGGRESSIVE;
				GCC_WARN_UNUSED_FUNCTION = YES;
				GCC_WARN_UNUSED_VARIABLE = YES;
				IPHONEOS_DEPLOYMENT_TARGET = 17.5;
				LOCALIZATION_PREFERS_STRING_CATALOGS = YES;
				MTL_ENABLE_DEBUG_INFO = INCLUDE_SOURCE;
				MTL_FAST_MATH = YES;
				ONLY_ACTIVE_ARCH = YES;
				SDKROOT = iphoneos;
				SWIFT_ACTIVE_COMPILATION_CONDITIONS = "DEBUG $(inherited)";
				SWIFT_OPTIMIZATION_LEVEL = "-Onone";
			};
			name = Debug;
		};
		1BA1E5D92D53112900D023A2 /* Release */ = {
			isa = XCBuildConfiguration;
			buildSettings = {
				ALWAYS_SEARCH_USER_PATHS = NO;
				ASSETCATALOG_COMPILER_GENERATE_SWIFT_ASSET_SYMBOL_EXTENSIONS = YES;
				CLANG_ANALYZER_NONNULL = YES;
				CLANG_ANALYZER_NUMBER_OBJECT_CONVERSION = YES_AGGRESSIVE;
				CLANG_CXX_LANGUAGE_STANDARD = "gnu++20";
				CLANG_ENABLE_MODULES = YES;
				CLANG_ENABLE_OBJC_ARC = YES;
				CLANG_ENABLE_OBJC_WEAK = YES;
				CLANG_WARN_BLOCK_CAPTURE_AUTORELEASING = YES;
				CLANG_WARN_BOOL_CONVERSION = YES;
				CLANG_WARN_COMMA = YES;
				CLANG_WARN_CONSTANT_CONVERSION = YES;
				CLANG_WARN_DEPRECATED_OBJC_IMPLEMENTATIONS = YES;
				CLANG_WARN_DIRECT_OBJC_ISA_USAGE = YES_ERROR;
				CLANG_WARN_DOCUMENTATION_COMMENTS = YES;
				CLANG_WARN_EMPTY_BODY = YES;
				CLANG_WARN_ENUM_CONVERSION = YES;
				CLANG_WARN_INFINITE_RECURSION = YES;
				CLANG_WARN_INT_CONVERSION = YES;
				CLANG_WARN_NON_LITERAL_NULL_CONVERSION = YES;
				CLANG_WARN_OBJC_IMPLICIT_RETAIN_SELF = YES;
				CLANG_WARN_OBJC_LITERAL_CONVERSION = YES;
				CLANG_WARN_OBJC_ROOT_CLASS = YES_ERROR;
				CLANG_WARN_QUOTED_INCLUDE_IN_FRAMEWORK_HEADER = YES;
				CLANG_WARN_RANGE_LOOP_ANALYSIS = YES;
				CLANG_WARN_STRICT_PROTOTYPES = YES;
				CLANG_WARN_SUSPICIOUS_MOVE = YES;
				CLANG_WARN_UNGUARDED_AVAILABILITY = YES_AGGRESSIVE;
				CLANG_WARN_UNREACHABLE_CODE = YES;
				CLANG_WARN__DUPLICATE_METHOD_MATCH = YES;
				COPY_PHASE_STRIP = NO;
				DEBUG_INFORMATION_FORMAT = "dwarf-with-dsym";
				ENABLE_NS_ASSERTIONS = NO;
				ENABLE_STRICT_OBJC_MSGSEND = YES;
				ENABLE_USER_SCRIPT_SANDBOXING = YES;
				GCC_C_LANGUAGE_STANDARD = gnu17;
				GCC_NO_COMMON_BLOCKS = YES;
				GCC_WARN_64_TO_32_BIT_CONVERSION = YES;
				GCC_WARN_ABOUT_RETURN_TYPE = YES_ERROR;
				GCC_WARN_UNDECLARED_SELECTOR = YES;
				GCC_WARN_UNINITIALIZED_AUTOS = YES_AGGRESSIVE;
				GCC_WARN_UNUSED_FUNCTION = YES;
				GCC_WARN_UNUSED_VARIABLE = YES;
				IPHONEOS_DEPLOYMENT_TARGET = 17.5;
				LOCALIZATION_PREFERS_STRING_CATALOGS = YES;
				MTL_ENABLE_DEBUG_INFO = NO;
				MTL_FAST_MATH = YES;
				SDKROOT = iphoneos;
				SWIFT_COMPILATION_MODE = wholemodule;
				VALIDATE_PRODUCT = YES;
			};
			name = Release;
		};
		1BA1E5DB2D53112900D023A2 /* Debug */ = {
			isa = XCBuildConfiguration;
			buildSettings = {
				ASSETCATALOG_COMPILER_APPICON_NAME = AppIcon;
				ASSETCATALOG_COMPILER_GLOBAL_ACCENT_COLOR_NAME = AccentColor;
				CODE_SIGN_STYLE = Automatic;
				CURRENT_PROJECT_VERSION = 1;
				DEVELOPMENT_ASSET_PATHS = "\"iOS Bootcamp Instagram Demo/Preview Content\"";
				DEVELOPMENT_TEAM = B9UF6RRZFW;
				ENABLE_PREVIEWS = YES;
				GENERATE_INFOPLIST_FILE = YES;
				INFOPLIST_KEY_UIApplicationSceneManifest_Generation = YES;
				INFOPLIST_KEY_UIApplicationSupportsIndirectInputEvents = YES;
				INFOPLIST_KEY_UILaunchScreen_Generation = YES;
				INFOPLIST_KEY_UISupportedInterfaceOrientations_iPad = "UIInterfaceOrientationPortrait UIInterfaceOrientationPortraitUpsideDown UIInterfaceOrientationLandscapeLeft UIInterfaceOrientationLandscapeRight";
				INFOPLIST_KEY_UISupportedInterfaceOrientations_iPhone = "UIInterfaceOrientationPortrait UIInterfaceOrientationLandscapeLeft UIInterfaceOrientationLandscapeRight";
				LD_RUNPATH_SEARCH_PATHS = (
					"$(inherited)",
					"@executable_path/Frameworks",
				);
				MARKETING_VERSION = 1.0;
				PRODUCT_BUNDLE_IDENTIFIER = "name.emmanuelalonge.iOS-Bootcamp-Instagram-Demo";
				PRODUCT_NAME = "$(TARGET_NAME)";
				SWIFT_EMIT_LOC_STRINGS = YES;
				SWIFT_VERSION = 5.0;
				TARGETED_DEVICE_FAMILY = "1,2";
			};
			name = Debug;
		};
		1BA1E5DC2D53112900D023A2 /* Release */ = {
			isa = XCBuildConfiguration;
			buildSettings = {
				ASSETCATALOG_COMPILER_APPICON_NAME = AppIcon;
				ASSETCATALOG_COMPILER_GLOBAL_ACCENT_COLOR_NAME = AccentColor;
				CODE_SIGN_STYLE = Automatic;
				CURRENT_PROJECT_VERSION = 1;
				DEVELOPMENT_ASSET_PATHS = "\"iOS Bootcamp Instagram Demo/Preview Content\"";
				DEVELOPMENT_TEAM = B9UF6RRZFW;
				ENABLE_PREVIEWS = YES;
				GENERATE_INFOPLIST_FILE = YES;
				INFOPLIST_KEY_UIApplicationSceneManifest_Generation = YES;
				INFOPLIST_KEY_UIApplicationSupportsIndirectInputEvents = YES;
				INFOPLIST_KEY_UILaunchScreen_Generation = YES;
				INFOPLIST_KEY_UISupportedInterfaceOrientations_iPad = "UIInterfaceOrientationPortrait UIInterfaceOrientationPortraitUpsideDown UIInterfaceOrientationLandscapeLeft UIInterfaceOrientationLandscapeRight";
				INFOPLIST_KEY_UISupportedInterfaceOrientations_iPhone = "UIInterfaceOrientationPortrait UIInterfaceOrientationLandscapeLeft UIInterfaceOrientationLandscapeRight";
				LD_RUNPATH_SEARCH_PATHS = (
					"$(inherited)",
					"@executable_path/Frameworks",
				);
				MARKETING_VERSION = 1.0;
				PRODUCT_BUNDLE_IDENTIFIER = "name.emmanuelalonge.iOS-Bootcamp-Instagram-Demo";
				PRODUCT_NAME = "$(TARGET_NAME)";
				SWIFT_EMIT_LOC_STRINGS = YES;
				SWIFT_VERSION = 5.0;
				TARGETED_DEVICE_FAMILY = "1,2";
			};
			name = Release;
		};
		1BA1E5DE2D53112900D023A2 /* Debug */ = {
			isa = XCBuildConfiguration;
			buildSettings = {
				ALWAYS_EMBED_SWIFT_STANDARD_LIBRARIES = YES;
				BUNDLE_LOADER = "$(TEST_HOST)";
				CODE_SIGN_STYLE = Automatic;
				CURRENT_PROJECT_VERSION = 1;
				DEVELOPMENT_TEAM = B9UF6RRZFW;
				GENERATE_INFOPLIST_FILE = YES;
				IPHONEOS_DEPLOYMENT_TARGET = 17.5;
				MARKETING_VERSION = 1.0;
				PRODUCT_BUNDLE_IDENTIFIER = "name.emmanuelalonge.iOS-Bootcamp-Instagram-DemoTests";
				PRODUCT_NAME = "$(TARGET_NAME)";
				SWIFT_EMIT_LOC_STRINGS = NO;
				SWIFT_VERSION = 5.0;
				TARGETED_DEVICE_FAMILY = "1,2";
				TEST_HOST = "$(BUILT_PRODUCTS_DIR)/iOS Bootcamp Instagram Demo.app/$(BUNDLE_EXECUTABLE_FOLDER_PATH)/iOS Bootcamp Instagram Demo";
			};
			name = Debug;
		};
		1BA1E5DF2D53112900D023A2 /* Release */ = {
			isa = XCBuildConfiguration;
			buildSettings = {
				ALWAYS_EMBED_SWIFT_STANDARD_LIBRARIES = YES;
				BUNDLE_LOADER = "$(TEST_HOST)";
				CODE_SIGN_STYLE = Automatic;
				CURRENT_PROJECT_VERSION = 1;
				DEVELOPMENT_TEAM = B9UF6RRZFW;
				GENERATE_INFOPLIST_FILE = YES;
				IPHONEOS_DEPLOYMENT_TARGET = 17.5;
				MARKETING_VERSION = 1.0;
				PRODUCT_BUNDLE_IDENTIFIER = "name.emmanuelalonge.iOS-Bootcamp-Instagram-DemoTests";
				PRODUCT_NAME = "$(TARGET_NAME)";
				SWIFT_EMIT_LOC_STRINGS = NO;
				SWIFT_VERSION = 5.0;
				TARGETED_DEVICE_FAMILY = "1,2";
				TEST_HOST = "$(BUILT_PRODUCTS_DIR)/iOS Bootcamp Instagram Demo.app/$(BUNDLE_EXECUTABLE_FOLDER_PATH)/iOS Bootcamp Instagram Demo";
			};
			name = Release;
		};
		1BA1E5E12D53112900D023A2 /* Debug */ = {
			isa = XCBuildConfiguration;
			buildSettings = {
				ALWAYS_EMBED_SWIFT_STANDARD_LIBRARIES = YES;
				CODE_SIGN_STYLE = Automatic;
				CURRENT_PROJECT_VERSION = 1;
				DEVELOPMENT_TEAM = B9UF6RRZFW;
				GENERATE_INFOPLIST_FILE = YES;
				MARKETING_VERSION = 1.0;
				PRODUCT_BUNDLE_IDENTIFIER = "name.emmanuelalonge.iOS-Bootcamp-Instagram-DemoUITests";
				PRODUCT_NAME = "$(TARGET_NAME)";
				SWIFT_EMIT_LOC_STRINGS = NO;
				SWIFT_VERSION = 5.0;
				TARGETED_DEVICE_FAMILY = "1,2";
				TEST_TARGET_NAME = "iOS Bootcamp Instagram Demo";
			};
			name = Debug;
		};
		1BA1E5E22D53112900D023A2 /* Release */ = {
			isa = XCBuildConfiguration;
			buildSettings = {
				ALWAYS_EMBED_SWIFT_STANDARD_LIBRARIES = YES;
				CODE_SIGN_STYLE = Automatic;
				CURRENT_PROJECT_VERSION = 1;
				DEVELOPMENT_TEAM = B9UF6RRZFW;
				GENERATE_INFOPLIST_FILE = YES;
				MARKETING_VERSION = 1.0;
				PRODUCT_BUNDLE_IDENTIFIER = "name.emmanuelalonge.iOS-Bootcamp-Instagram-DemoUITests";
				PRODUCT_NAME = "$(TARGET_NAME)";
				SWIFT_EMIT_LOC_STRINGS = NO;
				SWIFT_VERSION = 5.0;
				TARGETED_DEVICE_FAMILY = "1,2";
				TEST_TARGET_NAME = "iOS Bootcamp Instagram Demo";
			};
			name = Release;
		};
/* End XCBuildConfiguration section */

/* Begin XCConfigurationList section */
		1BA1E5B12D53112800D023A2 /* Build configuration list for PBXProject "iOS Bootcamp Instagram Demo" */ = {
			isa = XCConfigurationList;
			buildConfigurations = (
				1BA1E5D82D53112900D023A2 /* Debug */,
				1BA1E5D92D53112900D023A2 /* Release */,
			);
			defaultConfigurationIsVisible = 0;
			defaultConfigurationName = Release;
		};
		1BA1E5DA2D53112900D023A2 /* Build configuration list for PBXNativeTarget "iOS Bootcamp Instagram Demo" */ = {
			isa = XCConfigurationList;
			buildConfigurations = (
				1BA1E5DB2D53112900D023A2 /* Debug */,
				1BA1E5DC2D53112900D023A2 /* Release */,
			);
			defaultConfigurationIsVisible = 0;
			defaultConfigurationName = Release;
		};
		1BA1E5DD2D53112900D023A2 /* Build configuration list for PBXNativeTarget "iOS Bootcamp Instagram DemoTests" */ = {
			isa = XCConfigurationList;
			buildConfigurations = (
				1BA1E5DE2D53112900D023A2 /* Debug */,
				1BA1E5DF2D53112900D023A2 /* Release */,
			);
			defaultConfigurationIsVisible = 0;
			defaultConfigurationName = Release;
		};
		1BA1E5E02D53112900D023A2 /* Build configuration list for PBXNativeTarget "iOS Bootcamp Instagram DemoUITests" */ = {
			isa = XCConfigurationList;
			buildConfigurations = (
				1BA1E5E12D53112900D023A2 /* Debug */,
				1BA1E5E22D53112900D023A2 /* Release */,
			);
			defaultConfigurationIsVisible = 0;
			defaultConfigurationName = Release;
		};
/* End XCConfigurationList section */
	};
	rootObject = 1BA1E5AE2D53112800D023A2 /* Project object */;
}
